
Microsoft Visual Studio Solution File, Format Version 12.00
# Visual Studio Version 17
VisualStudioVersion = 17.7.34221.43
MinimumVisualStudioVersion = 10.0.40219.1
Project("{9A19103F-16F7-4668-BE54-9A1E7A4F7556}") = "OrganizationsWaterSupplyL4", "WebApplication1\OrganizationsWaterSupplyL4.csproj", "{7F7489F7-7220-4AAB-B47E-85A08EBD4F29}"
EndProject
Global
	GlobalSection(SolutionConfigurationPlatforms) = preSolution
		Debug|Any CPU = Debug|Any CPU
		Release|Any CPU = Release|Any CPU
	EndGlobalSection
	GlobalSection(ProjectConfigurationPlatforms) = postSolution
		{7F7489F7-7220-4AAB-B47E-85A08EBD4F29}.Debug|Any CPU.ActiveCfg = Debug|Any CPU
		{7F7489F7-7220-4AAB-B47E-85A08EBD4F29}.Debug|Any CPU.Build.0 = Debug|Any CPU
		{7F7489F7-7220-4AAB-B47E-85A08EBD4F29}.Release|Any CPU.ActiveCfg = Release|Any CPU
		{7F7489F7-7220-4AAB-B47E-85A08EBD4F29}.Release|Any CPU.Build.0 = Release|Any CPU
	EndGlobalSection
	GlobalSection(SolutionProperties) = preSolution
		HideSolutionNode = FALSE
	EndGlobalSection
	GlobalSection(ExtensibilityGlobals) = postSolution
		SolutionGuid = {3E3C1A6A-A002-44B8-8FD2-7D1E60501F23}
	EndGlobalSection
EndGlobal
